
Microsoft Visual Studio Solution File, Format Version 12.00
# Visual Studio Version 17
VisualStudioVersion = 17.14.36518.9
MinimumVisualStudioVersion = 10.0.40219.1
Project("{FAE04EC0-301F-11D3-BF4B-00C04F79EFBC}") = "StadiumCompany", "PPE_StadiumCompany\StadiumCompany.csproj", "{4B72D4B6-1D81-4A69-8CAC-5154E6386702}"
EndProject
Project("{FAE04EC0-301F-11D3-BF4B-00C04F79EFBC}") = "dataGridView", "dataGridView\dataGridView.csproj", "{190A37ED-E793-44A7-AF5F-7E497BA941AE}"
EndProject
Global
	GlobalSection(SolutionConfigurationPlatforms) = preSolution
		Debug|Any CPU = Debug|Any CPU
		Release|Any CPU = Release|Any CPU
	EndGlobalSection
	GlobalSection(ProjectConfigurationPlatforms) = postSolution
		{4B72D4B6-1D81-4A69-8CAC-5154E6386702}.Debug|Any CPU.ActiveCfg = Debug|Any CPU
		{4B72D4B6-1D81-4A69-8CAC-5154E6386702}.Debug|Any CPU.Build.0 = Debug|Any CPU
		{4B72D4B6-1D81-4A69-8CAC-5154E6386702}.Release|Any CPU.ActiveCfg = Release|Any CPU
		{4B72D4B6-1D81-4A69-8CAC-5154E6386702}.Release|Any CPU.Build.0 = Release|Any CPU
		{190A37ED-E793-44A7-AF5F-7E497BA941AE}.Debug|Any CPU.ActiveCfg = Debug|Any CPU
		{190A37ED-E793-44A7-AF5F-7E497BA941AE}.Debug|Any CPU.Build.0 = Debug|Any CPU
		{190A37ED-E793-44A7-AF5F-7E497BA941AE}.Release|Any CPU.ActiveCfg = Release|Any CPU
		{190A37ED-E793-44A7-AF5F-7E497BA941AE}.Release|Any CPU.Build.0 = Release|Any CPU
	EndGlobalSection
	GlobalSection(SolutionProperties) = preSolution
		HideSolutionNode = FALSE
	EndGlobalSection
	GlobalSection(ExtensibilityGlobals) = postSolution
		SolutionGuid = {B094780B-963F-423C-B0F0-10EDD28A7EEF}
	EndGlobalSection
EndGlobal
